
Microsoft Visual Studio Solution File, Format Version 12.00
Project("{FAE04EC0-301F-11D3-BF4B-00C04F79EFBC}") = "StoreAPI", "StoreAPI\StoreAPI.csproj", "{ACB44309-E73C-4573-98B0-3497250A1E29}"
EndProject
Global
	GlobalSection(SolutionConfigurationPlatforms) = preSolution
		Debug|Any CPU = Debug|Any CPU
		Release|Any CPU = Release|Any CPU
	EndGlobalSection
	GlobalSection(ProjectConfigurationPlatforms) = postSolution
		{ACB44309-E73C-4573-98B0-3497250A1E29}.Debug|Any CPU.ActiveCfg = Debug|Any CPU
		{ACB44309-E73C-4573-98B0-3497250A1E29}.Debug|Any CPU.Build.0 = Debug|Any CPU
		{ACB44309-E73C-4573-98B0-3497250A1E29}.Release|Any CPU.ActiveCfg = Release|Any CPU
		{ACB44309-E73C-4573-98B0-3497250A1E29}.Release|Any CPU.Build.0 = Release|Any CPU
	EndGlobalSection
EndGlobal
